
Microsoft Visual Studio Solution File, Format Version 12.00
# Visual Studio 15
VisualStudioVersion = 15.0.28307.168
MinimumVisualStudioVersion = 10.0.40219.1
Project("{FAE04EC0-301F-11D3-BF4B-00C04F79EFBC}") = "AttendanceListGenerator.UI", "AttendanceListGenerator.UI\AttendanceListGenerator.UI.csproj", "{42BA6543-E367-4DE0-BC05-D0F47FA262E2}"
EndProject
Project("{FAE04EC0-301F-11D3-BF4B-00C04F79EFBC}") = "AttendanceListGenerator.Core", "AttendanceListGenerator.Core\AttendanceListGenerator.Core.csproj", "{FEE2522F-5D3D-448D-9167-000C8025F991}"
EndProject
Project("{FAE04EC0-301F-11D3-BF4B-00C04F79EFBC}") = "AttendanceListGenerator.Core.Tests.Unit", "AttendanceListGenerator.Core.Tests.Unit\AttendanceListGenerator.Core.Tests.Unit.csproj", "{727D8DE0-AC87-4EE7-9754-CBD7BD04DE6F}"
EndProject
Global
	GlobalSection(SolutionConfigurationPlatforms) = preSolution
		Debug|Any CPU = Debug|Any CPU
		Release|Any CPU = Release|Any CPU
	EndGlobalSection
	GlobalSection(ProjectConfigurationPlatforms) = postSolution
		{42BA6543-E367-4DE0-BC05-D0F47FA262E2}.Debug|Any CPU.ActiveCfg = Debug|Any CPU
		{42BA6543-E367-4DE0-BC05-D0F47FA262E2}.Debug|Any CPU.Build.0 = Debug|Any CPU
		{42BA6543-E367-4DE0-BC05-D0F47FA262E2}.Release|Any CPU.ActiveCfg = Release|Any CPU
		{42BA6543-E367-4DE0-BC05-D0F47FA262E2}.Release|Any CPU.Build.0 = Release|Any CPU
		{FEE2522F-5D3D-448D-9167-000C8025F991}.Debug|Any CPU.ActiveCfg = Debug|Any CPU
		{FEE2522F-5D3D-448D-9167-000C8025F991}.Debug|Any CPU.Build.0 = Debug|Any CPU
		{FEE2522F-5D3D-448D-9167-000C8025F991}.Release|Any CPU.ActiveCfg = Release|Any CPU
		{FEE2522F-5D3D-448D-9167-000C8025F991}.Release|Any CPU.Build.0 = Release|Any CPU
		{727D8DE0-AC87-4EE7-9754-CBD7BD04DE6F}.Debug|Any CPU.ActiveCfg = Debug|Any CPU
		{727D8DE0-AC87-4EE7-9754-CBD7BD04DE6F}.Debug|Any CPU.Build.0 = Debug|Any CPU
		{727D8DE0-AC87-4EE7-9754-CBD7BD04DE6F}.Release|Any CPU.ActiveCfg = Release|Any CPU
		{727D8DE0-AC87-4EE7-9754-CBD7BD04DE6F}.Release|Any CPU.Build.0 = Release|Any CPU
	EndGlobalSection
	GlobalSection(SolutionProperties) = preSolution
		HideSolutionNode = FALSE
	EndGlobalSection
	GlobalSection(ExtensibilityGlobals) = postSolution
		SolutionGuid = {F6B1FABB-39C5-4CE2-B838-DE2977978A5D}
	EndGlobalSection
EndGlobal
